// !$*UTF8*$!
{
	archiveVersion = 1;
	classes = {
	};
	objectVersion = 46;
	objects = {

/* Begin PBXBuildFile section */
		CE7ACCED17C5F4A500A12DC4 /* MeViewController.m in Sources */ = {isa = PBXBuildFile; fileRef = CE7ACCEB17C5F4A500A12DC4 /* MeViewController.m */; };
		CE7ACCEE17C5F4A500A12DC4 /* MeViewController_iPhone.xib in Resources */ = {isa = PBXBuildFile; fileRef = CE7ACCEC17C5F4A500A12DC4 /* MeViewController_iPhone.xib */; };
		CE7ACCF317C5F63400A12DC4 /* LoginViewController.m in Sources */ = {isa = PBXBuildFile; fileRef = CE7ACCF117C5F63400A12DC4 /* LoginViewController.m */; };
		CE7ACCF417C5F63400A12DC4 /* LoginViewController_iPhone.xib in Resources */ = {isa = PBXBuildFile; fileRef = CE7ACCF217C5F63400A12DC4 /* LoginViewController_iPhone.xib */; };
		CEC59FFD17BDC46E001CF970 /* UIKit.framework in Frameworks */ = {isa = PBXBuildFile; fileRef = CEC59FFC17BDC46E001CF970 /* UIKit.framework */; };
		CEC59FFF17BDC46E001CF970 /* Foundation.framework in Frameworks */ = {isa = PBXBuildFile; fileRef = CEC59FFE17BDC46E001CF970 /* Foundation.framework */; };
		CEC5A00117BDC46E001CF970 /* CoreGraphics.framework in Frameworks */ = {isa = PBXBuildFile; fileRef = CEC5A00017BDC46E001CF970 /* CoreGraphics.framework */; };
		CEC5A00717BDC46E001CF970 /* InfoPlist.strings in Resources */ = {isa = PBXBuildFile; fileRef = CEC5A00517BDC46E001CF970 /* InfoPlist.strings */; };
		CEC5A00917BDC46E001CF970 /* main.m in Sources */ = {isa = PBXBuildFile; fileRef = CEC5A00817BDC46E001CF970 /* main.m */; };
		CEC5A00D17BDC46E001CF970 /* AppDelegate.m in Sources */ = {isa = PBXBuildFile; fileRef = CEC5A00C17BDC46E001CF970 /* AppDelegate.m */; };
		CEC5A00F17BDC46E001CF970 /* Default.png in Resources */ = {isa = PBXBuildFile; fileRef = CEC5A00E17BDC46E001CF970 /* Default.png */; };
		CEC5A01117BDC46E001CF970 /* Default@2x.png in Resources */ = {isa = PBXBuildFile; fileRef = CEC5A01017BDC46E001CF970 /* Default@2x.png */; };
		CEC5A01317BDC46E001CF970 /* Default-568h@2x.png in Resources */ = {isa = PBXBuildFile; fileRef = CEC5A01217BDC46E001CF970 /* Default-568h@2x.png */; };
		CEC5A01617BDC46E001CF970 /* NotificationsViewController.m in Sources */ = {isa = PBXBuildFile; fileRef = CEC5A01517BDC46E001CF970 /* NotificationsViewController.m */; };
		CEC5A01817BDC46E001CF970 /* first.png in Resources */ = {isa = PBXBuildFile; fileRef = CEC5A01717BDC46E001CF970 /* first.png */; };
		CEC5A01A17BDC46E001CF970 /* first@2x.png in Resources */ = {isa = PBXBuildFile; fileRef = CEC5A01917BDC46E001CF970 /* first@2x.png */; };
		CEC5A01D17BDC46E001CF970 /* ContactsViewController.m in Sources */ = {isa = PBXBuildFile; fileRef = CEC5A01C17BDC46E001CF970 /* ContactsViewController.m */; };
		CEC5A01F17BDC46E001CF970 /* second.png in Resources */ = {isa = PBXBuildFile; fileRef = CEC5A01E17BDC46E001CF970 /* second.png */; };
		CEC5A02117BDC46E001CF970 /* second@2x.png in Resources */ = {isa = PBXBuildFile; fileRef = CEC5A02017BDC46E001CF970 /* second@2x.png */; };
		CEC5A02417BDC46E001CF970 /* NotificationsViewController_iPhone.xib in Resources */ = {isa = PBXBuildFile; fileRef = CEC5A02217BDC46E001CF970 /* NotificationsViewController_iPhone.xib */; };
		CEC5A02A17BDC46F001CF970 /* ContactsViewController_iPhone.xib in Resources */ = {isa = PBXBuildFile; fileRef = CEC5A02817BDC46F001CF970 /* ContactsViewController_iPhone.xib */; };
		CED8019217C76648006FA79E /* libTestFlight.a in Frameworks */ = {isa = PBXBuildFile; fileRef = CED8018C17C76648006FA79E /* libTestFlight.a */; };
		CED8019317C76648006FA79E /* README.md in Resources */ = {isa = PBXBuildFile; fileRef = CED8018D17C76648006FA79E /* README.md */; };
		CED8019417C76648006FA79E /* release_notes.md in Resources */ = {isa = PBXBuildFile; fileRef = CED8018E17C76648006FA79E /* release_notes.md */; };
		CED8019617C76734006FA79E /* libz.dylib in Frameworks */ = {isa = PBXBuildFile; fileRef = CED8019517C76734006FA79E /* libz.dylib */; };
		CED8019917C88C1A006FA79E /* Domain.m in Sources */ = {isa = PBXBuildFile; fileRef = CED8019817C88C1A006FA79E /* Domain.m */; };
		CED8019C17C88C31006FA79E /* Notification.m in Sources */ = {isa = PBXBuildFile; fileRef = CED8019B17C88C31006FA79E /* Notification.m */; };
		CED801A017C8969B006FA79E /* NotificationAddition.m in Sources */ = {isa = PBXBuildFile; fileRef = CED8019F17C8969B006FA79E /* NotificationAddition.m */; };
		CED801A317C8AB61006FA79E /* NotificationService.m in Sources */ = {isa = PBXBuildFile; fileRef = CED801A217C8AB61006FA79E /* NotificationService.m */; };
		CED801A617C8ECE3006FA79E /* User.m in Sources */ = {isa = PBXBuildFile; fileRef = CED801A517C8ECE2006FA79E /* User.m */; };
		CED801A917C8F012006FA79E /* UserService.m in Sources */ = {isa = PBXBuildFile; fileRef = CED801A817C8F012006FA79E /* UserService.m */; };
		CED801AB17C8F2F9006FA79E /* CFNetwork.framework in Frameworks */ = {isa = PBXBuildFile; fileRef = CED801AA17C8F2F9006FA79E /* CFNetwork.framework */; };
		CED801AD17C8F30C006FA79E /* SystemConfiguration.framework in Frameworks */ = {isa = PBXBuildFile; fileRef = CED801AC17C8F30C006FA79E /* SystemConfiguration.framework */; };
		CED801AF17C8F31B006FA79E /* MobileCoreServices.framework in Frameworks */ = {isa = PBXBuildFile; fileRef = CED801AE17C8F31B006FA79E /* MobileCoreServices.framework */; };
		CED801B317C8F346006FA79E /* Reachability.m in Sources */ = {isa = PBXBuildFile; fileRef = CED801B217C8F346006FA79E /* Reachability.m */; settings = {COMPILER_FLAGS = "-fno-objc-arc"; }; };
		CED801CC17C8F399006FA79E /* ASIAuthenticationDialog.m in Sources */ = {isa = PBXBuildFile; fileRef = CED801B617C8F399006FA79E /* ASIAuthenticationDialog.m */; settings = {COMPILER_FLAGS = "-fno-objc-arc"; }; };
		CED801CD17C8F399006FA79E /* ASIDataCompressor.m in Sources */ = {isa = PBXBuildFile; fileRef = CED801B917C8F399006FA79E /* ASIDataCompressor.m */; settings = {COMPILER_FLAGS = "-fno-objc-arc"; }; };
		CED801CE17C8F399006FA79E /* ASIDataDecompressor.m in Sources */ = {isa = PBXBuildFile; fileRef = CED801BB17C8F399006FA79E /* ASIDataDecompressor.m */; settings = {COMPILER_FLAGS = "-fno-objc-arc"; }; };
		CED801CF17C8F399006FA79E /* ASIDownloadCache.m in Sources */ = {isa = PBXBuildFile; fileRef = CED801BD17C8F399006FA79E /* ASIDownloadCache.m */; settings = {COMPILER_FLAGS = "-fno-objc-arc"; }; };
		CED801D017C8F399006FA79E /* ASIFormDataRequest.m in Sources */ = {isa = PBXBuildFile; fileRef = CED801BF17C8F399006FA79E /* ASIFormDataRequest.m */; settings = {COMPILER_FLAGS = "-fno-objc-arc"; }; };
		CED801D117C8F399006FA79E /* ASIHTTPRequest.m in Sources */ = {isa = PBXBuildFile; fileRef = CED801C117C8F399006FA79E /* ASIHTTPRequest.m */; settings = {COMPILER_FLAGS = "-fno-objc-arc"; }; };
		CED801D217C8F399006FA79E /* ASIInputStream.m in Sources */ = {isa = PBXBuildFile; fileRef = CED801C517C8F399006FA79E /* ASIInputStream.m */; settings = {COMPILER_FLAGS = "-fno-objc-arc"; }; };
		CED801D317C8F399006FA79E /* ASINetworkQueue.m in Sources */ = {isa = PBXBuildFile; fileRef = CED801C717C8F399006FA79E /* ASINetworkQueue.m */; settings = {COMPILER_FLAGS = "-fno-objc-arc"; }; };
		CED801D817C8F6F1006FA79E /* NSString+JsonMethods.m in Sources */ = {isa = PBXBuildFile; fileRef = CED801D717C8F6F1006FA79E /* NSString+JsonMethods.m */; };
		CED801FF17C8FAD8006FA79E /* NSString+Trim.m in Sources */ = {isa = PBXBuildFile; fileRef = CED801DC17C8FAD8006FA79E /* NSString+Trim.m */; };
		CED8020017C8FAD8006FA79E /* UIFont+Alert.m in Sources */ = {isa = PBXBuildFile; fileRef = CED801DE17C8FAD8006FA79E /* UIFont+Alert.m */; };
		CED8020117C8FAD8006FA79E /* UIView+Alert.m in Sources */ = {isa = PBXBuildFile; fileRef = CED801E017C8FAD8006FA79E /* UIView+Alert.m */; };
		CED8020217C8FAD8006FA79E /* MBAlertView.m in Sources */ = {isa = PBXBuildFile; fileRef = CED801E317C8FAD8006FA79E /* MBAlertView.m */; };
		CED8020317C8FAD8006FA79E /* MBAlertViewButton.m in Sources */ = {isa = PBXBuildFile; fileRef = CED801E517C8FAD8006FA79E /* MBAlertViewButton.m */; };
		CED8020417C8FAD8006FA79E /* MBAlertViewItem.m in Sources */ = {isa = PBXBuildFile; fileRef = CED801E717C8FAD8006FA79E /* MBAlertViewItem.m */; };
		CED8020517C8FAD8006FA79E /* AutoLayoutHelpers.m in Sources */ = {isa = PBXBuildFile; fileRef = CED801EB17C8FAD8006FA79E /* AutoLayoutHelpers.m */; };
		CED8020617C8FAD8006FA79E /* UIView+Autolayout.m in Sources */ = {isa = PBXBuildFile; fileRef = CED801ED17C8FAD8006FA79E /* UIView+Autolayout.m */; };
		CED8020717C8FAD8006FA79E /* MBFlatAlertAbstract.m in Sources */ = {isa = PBXBuildFile; fileRef = CED801EF17C8FAD8006FA79E /* MBFlatAlertAbstract.m */; };
		CED8020817C8FAD8006FA79E /* MBFlatAlertButton.m in Sources */ = {isa = PBXBuildFile; fileRef = CED801F117C8FAD8006FA79E /* MBFlatAlertButton.m */; };
		CED8020917C8FAD8006FA79E /* MBFlatAlertView.m in Sources */ = {isa = PBXBuildFile; fileRef = CED801F317C8FAD8006FA79E /* MBFlatAlertView.m */; };
		CED8020A17C8FAD8006FA79E /* MBCheckMarkView.m in Sources */ = {isa = PBXBuildFile; fileRef = CED801F617C8FAD8006FA79E /* MBCheckMarkView.m */; };
		CED8020B17C8FAD8006FA79E /* MBHUDView.m in Sources */ = {isa = PBXBuildFile; fileRef = CED801F817C8FAD8006FA79E /* MBHUDView.m */; };
		CED8020C17C8FAD8006FA79E /* MBSpinningCircle.m in Sources */ = {isa = PBXBuildFile; fileRef = CED801FA17C8FAD8006FA79E /* MBSpinningCircle.m */; };
		CED8020D17C8FAD8006FA79E /* MBAlertAbstract.m in Sources */ = {isa = PBXBuildFile; fileRef = CED801FC17C8FAD8006FA79E /* MBAlertAbstract.m */; };
		CED8020F17C8FE70006FA79E /* QuartzCore.framework in Frameworks */ = {isa = PBXBuildFile; fileRef = CED8020E17C8FE70006FA79E /* QuartzCore.framework */; };
		CED8021617CAFFD7006FA79E /* NotificationCell.m in Sources */ = {isa = PBXBuildFile; fileRef = CED8021517CAFFD7006FA79E /* NotificationCell.m */; };
		CED8021817CB0007006FA79E /* NotificationCell_iPhone.xib in Resources */ = {isa = PBXBuildFile; fileRef = CED8021717CB0006006FA79E /* NotificationCell_iPhone.xib */; };
		CED8021B17CB5D14006FA79E /* Util.m in Sources */ = {isa = PBXBuildFile; fileRef = CED8021A17CB5D12006FA79E /* Util.m */; };
		CED8022A17CB9430006FA79E /* EGORefreshTableHeaderView.m in Sources */ = {isa = PBXBuildFile; fileRef = CED8022017CB9430006FA79E /* EGORefreshTableHeaderView.m */; settings = {COMPILER_FLAGS = "-fno-objc-arc"; }; };
		CED8022B17CB9430006FA79E /* blackArrow.png in Resources */ = {isa = PBXBuildFile; fileRef = CED8022217CB9430006FA79E /* blackArrow.png */; };
		CED8022C17CB9430006FA79E /* blackArrow@2x.png in Resources */ = {isa = PBXBuildFile; fileRef = CED8022317CB9430006FA79E /* blackArrow@2x.png */; };
		CED8022D17CB9430006FA79E /* blueArrow.png in Resources */ = {isa = PBXBuildFile; fileRef = CED8022417CB9430006FA79E /* blueArrow.png */; };
		CED8022E17CB9430006FA79E /* blueArrow@2x.png in Resources */ = {isa = PBXBuildFile; fileRef = CED8022517CB9430006FA79E /* blueArrow@2x.png */; };
		CED8022F17CB9430006FA79E /* grayArrow.png in Resources */ = {isa = PBXBuildFile; fileRef = CED8022617CB9430006FA79E /* grayArrow.png */; };
		CED8023017CB9430006FA79E /* grayArrow@2x.png in Resources */ = {isa = PBXBuildFile; fileRef = CED8022717CB9430006FA79E /* grayArrow@2x.png */; };
		CED8023117CB9430006FA79E /* whiteArrow.png in Resources */ = {isa = PBXBuildFile; fileRef = CED8022817CB9430006FA79E /* whiteArrow.png */; };
		CED8023217CB9430006FA79E /* whiteArrow@2x.png in Resources */ = {isa = PBXBuildFile; fileRef = CED8022917CB9430006FA79E /* whiteArrow@2x.png */; };
		CED8023617CB95F0006FA79E /* MBProgressHUD.m in Sources */ = {isa = PBXBuildFile; fileRef = CED8023517CB95F0006FA79E /* MBProgressHUD.m */; };
/* End PBXBuildFile section */

/* Begin PBXFileReference section */
		CE7ACCEA17C5F4A500A12DC4 /* MeViewController.h */ = {isa = PBXFileReference; fileEncoding = 4; lastKnownFileType = sourcecode.c.h; path = MeViewController.h; sourceTree = "<group>"; };
		CE7ACCEB17C5F4A500A12DC4 /* MeViewController.m */ = {isa = PBXFileReference; fileEncoding = 4; lastKnownFileType = sourcecode.c.objc; path = MeViewController.m; sourceTree = "<group>"; };
		CE7ACCEC17C5F4A500A12DC4 /* MeViewController_iPhone.xib */ = {isa = PBXFileReference; fileEncoding = 4; lastKnownFileType = file.xib; path = MeViewController_iPhone.xib; sourceTree = "<group>"; };
		CE7ACCF017C5F63400A12DC4 /* LoginViewController.h */ = {isa = PBXFileReference; fileEncoding = 4; lastKnownFileType = sourcecode.c.h; path = LoginViewController.h; sourceTree = "<group>"; };
		CE7ACCF117C5F63400A12DC4 /* LoginViewController.m */ = {isa = PBXFileReference; fileEncoding = 4; lastKnownFileType = sourcecode.c.objc; path = LoginViewController.m; sourceTree = "<group>"; };
		CE7ACCF217C5F63400A12DC4 /* LoginViewController_iPhone.xib */ = {isa = PBXFileReference; fileEncoding = 4; lastKnownFileType = file.xib; path = LoginViewController_iPhone.xib; sourceTree = "<group>"; };
		CEC59FF917BDC46E001CF970 /* SchoolNotify.app */ = {isa = PBXFileReference; explicitFileType = wrapper.application; includeInIndex = 0; path = SchoolNotify.app; sourceTree = BUILT_PRODUCTS_DIR; };
		CEC59FFC17BDC46E001CF970 /* UIKit.framework */ = {isa = PBXFileReference; lastKnownFileType = wrapper.framework; name = UIKit.framework; path = System/Library/Frameworks/UIKit.framework; sourceTree = SDKROOT; };
		CEC59FFE17BDC46E001CF970 /* Foundation.framework */ = {isa = PBXFileReference; lastKnownFileType = wrapper.framework; name = Foundation.framework; path = System/Library/Frameworks/Foundation.framework; sourceTree = SDKROOT; };
		CEC5A00017BDC46E001CF970 /* CoreGraphics.framework */ = {isa = PBXFileReference; lastKnownFileType = wrapper.framework; name = CoreGraphics.framework; path = System/Library/Frameworks/CoreGraphics.framework; sourceTree = SDKROOT; };
		CEC5A00417BDC46E001CF970 /* SchoolNotify-Info.plist */ = {isa = PBXFileReference; lastKnownFileType = text.plist.xml; path = "SchoolNotify-Info.plist"; sourceTree = "<group>"; };
		CEC5A00617BDC46E001CF970 /* en */ = {isa = PBXFileReference; lastKnownFileType = text.plist.strings; name = en; path = en.lproj/InfoPlist.strings; sourceTree = "<group>"; };
		CEC5A00817BDC46E001CF970 /* main.m */ = {isa = PBXFileReference; lastKnownFileType = sourcecode.c.objc; path = main.m; sourceTree = "<group>"; };
		CEC5A00A17BDC46E001CF970 /* SchoolNotify-Prefix.pch */ = {isa = PBXFileReference; lastKnownFileType = sourcecode.c.h; path = "SchoolNotify-Prefix.pch"; sourceTree = "<group>"; };
		CEC5A00B17BDC46E001CF970 /* AppDelegate.h */ = {isa = PBXFileReference; lastKnownFileType = sourcecode.c.h; path = AppDelegate.h; sourceTree = "<group>"; };
		CEC5A00C17BDC46E001CF970 /* AppDelegate.m */ = {isa = PBXFileReference; lastKnownFileType = sourcecode.c.objc; path = AppDelegate.m; sourceTree = "<group>"; };
		CEC5A00E17BDC46E001CF970 /* Default.png */ = {isa = PBXFileReference; lastKnownFileType = image.png; path = Default.png; sourceTree = "<group>"; };
		CEC5A01017BDC46E001CF970 /* Default@2x.png */ = {isa = PBXFileReference; lastKnownFileType = image.png; path = "Default@2x.png"; sourceTree = "<group>"; };
		CEC5A01217BDC46E001CF970 /* Default-568h@2x.png */ = {isa = PBXFileReference; lastKnownFileType = image.png; path = "Default-568h@2x.png"; sourceTree = "<group>"; };
		CEC5A01417BDC46E001CF970 /* NotificationsViewController.h */ = {isa = PBXFileReference; lastKnownFileType = sourcecode.c.h; path = NotificationsViewController.h; sourceTree = "<group>"; };
		CEC5A01517BDC46E001CF970 /* NotificationsViewController.m */ = {isa = PBXFileReference; lastKnownFileType = sourcecode.c.objc; path = NotificationsViewController.m; sourceTree = "<group>"; };
		CEC5A01717BDC46E001CF970 /* first.png */ = {isa = PBXFileReference; lastKnownFileType = image.png; path = first.png; sourceTree = "<group>"; };
		CEC5A01917BDC46E001CF970 /* first@2x.png */ = {isa = PBXFileReference; lastKnownFileType = image.png; path = "first@2x.png"; sourceTree = "<group>"; };
		CEC5A01B17BDC46E001CF970 /* ContactsViewController.h */ = {isa = PBXFileReference; lastKnownFileType = sourcecode.c.h; path = ContactsViewController.h; sourceTree = "<group>"; };
		CEC5A01C17BDC46E001CF970 /* ContactsViewController.m */ = {isa = PBXFileReference; lastKnownFileType = sourcecode.c.objc; path = ContactsViewController.m; sourceTree = "<group>"; };
		CEC5A01E17BDC46E001CF970 /* second.png */ = {isa = PBXFileReference; lastKnownFileType = image.png; path = second.png; sourceTree = "<group>"; };
		CEC5A02017BDC46E001CF970 /* second@2x.png */ = {isa = PBXFileReference; lastKnownFileType = image.png; path = "second@2x.png"; sourceTree = "<group>"; };
		CEC5A02317BDC46E001CF970 /* en */ = {isa = PBXFileReference; lastKnownFileType = file.xib; name = en; path = en.lproj/NotificationsViewController_iPhone.xib; sourceTree = "<group>"; };
		CEC5A02917BDC46F001CF970 /* en */ = {isa = PBXFileReference; lastKnownFileType = file.xib; name = en; path = en.lproj/ContactsViewController_iPhone.xib; sourceTree = "<group>"; };
		CED8018C17C76648006FA79E /* libTestFlight.a */ = {isa = PBXFileReference; lastKnownFileType = archive.ar; path = libTestFlight.a; sourceTree = "<group>"; };
		CED8018D17C76648006FA79E /* README.md */ = {isa = PBXFileReference; fileEncoding = 4; lastKnownFileType = text; path = README.md; sourceTree = "<group>"; };
		CED8018E17C76648006FA79E /* release_notes.md */ = {isa = PBXFileReference; fileEncoding = 4; lastKnownFileType = text; path = release_notes.md; sourceTree = "<group>"; };
		CED8018F17C76648006FA79E /* TestFlight+AsyncLogging.h */ = {isa = PBXFileReference; fileEncoding = 4; lastKnownFileType = sourcecode.c.h; path = "TestFlight+AsyncLogging.h"; sourceTree = "<group>"; };
		CED8019017C76648006FA79E /* TestFlight+ManualSessions.h */ = {isa = PBXFileReference; fileEncoding = 4; lastKnownFileType = sourcecode.c.h; path = "TestFlight+ManualSessions.h"; sourceTree = "<group>"; };
		CED8019117C76648006FA79E /* TestFlight.h */ = {isa = PBXFileReference; fileEncoding = 4; lastKnownFileType = sourcecode.c.h; path = TestFlight.h; sourceTree = "<group>"; };
		CED8019517C76734006FA79E /* libz.dylib */ = {isa = PBXFileReference; lastKnownFileType = "compiled.mach-o.dylib"; name = libz.dylib; path = usr/lib/libz.dylib; sourceTree = SDKROOT; };
		CED8019717C88C1A006FA79E /* Domain.h */ = {isa = PBXFileReference; fileEncoding = 4; lastKnownFileType = sourcecode.c.h; name = Domain.h; path = model/Domain.h; sourceTree = "<group>"; };
		CED8019817C88C1A006FA79E /* Domain.m */ = {isa = PBXFileReference; fileEncoding = 4; lastKnownFileType = sourcecode.c.objc; name = Domain.m; path = model/Domain.m; sourceTree = "<group>"; };
		CED8019A17C88C31006FA79E /* Notification.h */ = {isa = PBXFileReference; fileEncoding = 4; lastKnownFileType = sourcecode.c.h; name = Notification.h; path = model/Notification.h; sourceTree = "<group>"; };
		CED8019B17C88C31006FA79E /* Notification.m */ = {isa = PBXFileReference; fileEncoding = 4; lastKnownFileType = sourcecode.c.objc; name = Notification.m; path = model/Notification.m; sourceTree = "<group>"; };
		CED8019D17C88DB2006FA79E /* API_Interface.h */ = {isa = PBXFileReference; lastKnownFileType = sourcecode.c.h; path = API_Interface.h; sourceTree = "<group>"; };
		CED8019E17C8969B006FA79E /* NotificationAddition.h */ = {isa = PBXFileReference; fileEncoding = 4; lastKnownFileType = sourcecode.c.h; name = NotificationAddition.h; path = model/NotificationAddition.h; sourceTree = "<group>"; };
		CED8019F17C8969B006FA79E /* NotificationAddition.m */ = {isa = PBXFileReference; fileEncoding = 4; lastKnownFileType = sourcecode.c.objc; name = NotificationAddition.m; path = model/NotificationAddition.m; sourceTree = "<group>"; };
		CED801A117C8AB61006FA79E /* NotificationService.h */ = {isa = PBXFileReference; fileEncoding = 4; lastKnownFileType = sourcecode.c.h; name = NotificationService.h; path = model/NotificationService.h; sourceTree = "<group>"; };
		CED801A217C8AB61006FA79E /* NotificationService.m */ = {isa = PBXFileReference; fileEncoding = 4; lastKnownFileType = sourcecode.c.objc; name = NotificationService.m; path = model/NotificationService.m; sourceTree = "<group>"; };
		CED801A417C8ECE2006FA79E /* User.h */ = {isa = PBXFileReference; fileEncoding = 4; lastKnownFileType = sourcecode.c.h; name = User.h; path = model/User.h; sourceTree = "<group>"; };
		CED801A517C8ECE2006FA79E /* User.m */ = {isa = PBXFileReference; fileEncoding = 4; lastKnownFileType = sourcecode.c.objc; name = User.m; path = model/User.m; sourceTree = "<group>"; };
		CED801A717C8F012006FA79E /* UserService.h */ = {isa = PBXFileReference; fileEncoding = 4; lastKnownFileType = sourcecode.c.h; name = UserService.h; path = model/UserService.h; sourceTree = "<group>"; };
		CED801A817C8F012006FA79E /* UserService.m */ = {isa = PBXFileReference; fileEncoding = 4; lastKnownFileType = sourcecode.c.objc; name = UserService.m; path = model/UserService.m; sourceTree = "<group>"; };
		CED801AA17C8F2F9006FA79E /* CFNetwork.framework */ = {isa = PBXFileReference; lastKnownFileType = wrapper.framework; name = CFNetwork.framework; path = System/Library/Frameworks/CFNetwork.framework; sourceTree = SDKROOT; };
		CED801AC17C8F30C006FA79E /* SystemConfiguration.framework */ = {isa = PBXFileReference; lastKnownFileType = wrapper.framework; name = SystemConfiguration.framework; path = System/Library/Frameworks/SystemConfiguration.framework; sourceTree = SDKROOT; };
		CED801AE17C8F31B006FA79E /* MobileCoreServices.framework */ = {isa = PBXFileReference; lastKnownFileType = wrapper.framework; name = MobileCoreServices.framework; path = System/Library/Frameworks/MobileCoreServices.framework; sourceTree = SDKROOT; };
		CED801B117C8F346006FA79E /* Reachability.h */ = {isa = PBXFileReference; fileEncoding = 4; lastKnownFileType = sourcecode.c.h; path = Reachability.h; sourceTree = "<group>"; };
		CED801B217C8F346006FA79E /* Reachability.m */ = {isa = PBXFileReference; fileEncoding = 4; lastKnownFileType = sourcecode.c.objc; path = Reachability.m; sourceTree = "<group>"; };
		CED801B517C8F399006FA79E /* ASIAuthenticationDialog.h */ = {isa = PBXFileReference; fileEncoding = 4; lastKnownFileType = sourcecode.c.h; path = ASIAuthenticationDialog.h; sourceTree = "<group>"; };
		CED801B617C8F399006FA79E /* ASIAuthenticationDialog.m */ = {isa = PBXFileReference; fileEncoding = 4; lastKnownFileType = sourcecode.c.objc; path = ASIAuthenticationDialog.m; sourceTree = "<group>"; };
		CED801B717C8F399006FA79E /* ASICacheDelegate.h */ = {isa = PBXFileReference; fileEncoding = 4; lastKnownFileType = sourcecode.c.h; path = ASICacheDelegate.h; sourceTree = "<group>"; };
		CED801B817C8F399006FA79E /* ASIDataCompressor.h */ = {isa = PBXFileReference; fileEncoding = 4; lastKnownFileType = sourcecode.c.h; path = ASIDataCompressor.h; sourceTree = "<group>"; };
		CED801B917C8F399006FA79E /* ASIDataCompressor.m */ = {isa = PBXFileReference; fileEncoding = 4; lastKnownFileType = sourcecode.c.objc; path = ASIDataCompressor.m; sourceTree = "<group>"; };
		CED801BA17C8F399006FA79E /* ASIDataDecompressor.h */ = {isa = PBXFileReference; fileEncoding = 4; lastKnownFileType = sourcecode.c.h; path = ASIDataDecompressor.h; sourceTree = "<group>"; };
		CED801BB17C8F399006FA79E /* ASIDataDecompressor.m */ = {isa = PBXFileReference; fileEncoding = 4; lastKnownFileType = sourcecode.c.objc; path = ASIDataDecompressor.m; sourceTree = "<group>"; };
		CED801BC17C8F399006FA79E /* ASIDownloadCache.h */ = {isa = PBXFileReference; fileEncoding = 4; lastKnownFileType = sourcecode.c.h; path = ASIDownloadCache.h; sourceTree = "<group>"; };
		CED801BD17C8F399006FA79E /* ASIDownloadCache.m */ = {isa = PBXFileReference; fileEncoding = 4; lastKnownFileType = sourcecode.c.objc; path = ASIDownloadCache.m; sourceTree = "<group>"; };
		CED801BE17C8F399006FA79E /* ASIFormDataRequest.h */ = {isa = PBXFileReference; fileEncoding = 4; lastKnownFileType = sourcecode.c.h; path = ASIFormDataRequest.h; sourceTree = "<group>"; };
		CED801BF17C8F399006FA79E /* ASIFormDataRequest.m */ = {isa = PBXFileReference; fileEncoding = 4; lastKnownFileType = sourcecode.c.objc; path = ASIFormDataRequest.m; sourceTree = "<group>"; };
		CED801C017C8F399006FA79E /* ASIHTTPRequest.h */ = {isa = PBXFileReference; fileEncoding = 4; lastKnownFileType = sourcecode.c.h; path = ASIHTTPRequest.h; sourceTree = "<group>"; };
		CED801C117C8F399006FA79E /* ASIHTTPRequest.m */ = {isa = PBXFileReference; fileEncoding = 4; lastKnownFileType = sourcecode.c.objc; path = ASIHTTPRequest.m; sourceTree = "<group>"; };
		CED801C217C8F399006FA79E /* ASIHTTPRequestConfig.h */ = {isa = PBXFileReference; fileEncoding = 4; lastKnownFileType = sourcecode.c.h; path = ASIHTTPRequestConfig.h; sourceTree = "<group>"; };
		CED801C317C8F399006FA79E /* ASIHTTPRequestDelegate.h */ = {isa = PBXFileReference; fileEncoding = 4; lastKnownFileType = sourcecode.c.h; path = ASIHTTPRequestDelegate.h; sourceTree = "<group>"; };
		CED801C417C8F399006FA79E /* ASIInputStream.h */ = {isa = PBXFileReference; fileEncoding = 4; lastKnownFileType = sourcecode.c.h; path = ASIInputStream.h; sourceTree = "<group>"; };
		CED801C517C8F399006FA79E /* ASIInputStream.m */ = {isa = PBXFileReference; fileEncoding = 4; lastKnownFileType = sourcecode.c.objc; path = ASIInputStream.m; sourceTree = "<group>"; };
		CED801C617C8F399006FA79E /* ASINetworkQueue.h */ = {isa = PBXFileReference; fileEncoding = 4; lastKnownFileType = sourcecode.c.h; path = ASINetworkQueue.h; sourceTree = "<group>"; };
		CED801C717C8F399006FA79E /* ASINetworkQueue.m */ = {isa = PBXFileReference; fileEncoding = 4; lastKnownFileType = sourcecode.c.objc; path = ASINetworkQueue.m; sourceTree = "<group>"; };
		CED801C817C8F399006FA79E /* ASIProgressDelegate.h */ = {isa = PBXFileReference; fileEncoding = 4; lastKnownFileType = sourcecode.c.h; path = ASIProgressDelegate.h; sourceTree = "<group>"; };
		CED801D617C8F6F1006FA79E /* NSString+JsonMethods.h */ = {isa = PBXFileReference; fileEncoding = 4; lastKnownFileType = sourcecode.c.h; path = "NSString+JsonMethods.h"; sourceTree = "<group>"; };
		CED801D717C8F6F1006FA79E /* NSString+JsonMethods.m */ = {isa = PBXFileReference; fileEncoding = 4; lastKnownFileType = sourcecode.c.objc; path = "NSString+JsonMethods.m"; sourceTree = "<group>"; };
		CED801DB17C8FAD8006FA79E /* NSString+Trim.h */ = {isa = PBXFileReference; fileEncoding = 4; lastKnownFileType = sourcecode.c.h; path = "NSString+Trim.h"; sourceTree = "<group>"; };
		CED801DC17C8FAD8006FA79E /* NSString+Trim.m */ = {isa = PBXFileReference; fileEncoding = 4; lastKnownFileType = sourcecode.c.objc; path = "NSString+Trim.m"; sourceTree = "<group>"; };
		CED801DD17C8FAD8006FA79E /* UIFont+Alert.h */ = {isa = PBXFileReference; fileEncoding = 4; lastKnownFileType = sourcecode.c.h; path = "UIFont+Alert.h"; sourceTree = "<group>"; };
		CED801DE17C8FAD8006FA79E /* UIFont+Alert.m */ = {isa = PBXFileReference; fileEncoding = 4; lastKnownFileType = sourcecode.c.objc; path = "UIFont+Alert.m"; sourceTree = "<group>"; };
		CED801DF17C8FAD8006FA79E /* UIView+Alert.h */ = {isa = PBXFileReference; fileEncoding = 4; lastKnownFileType = sourcecode.c.h; path = "UIView+Alert.h"; sourceTree = "<group>"; };
		CED801E017C8FAD8006FA79E /* UIView+Alert.m */ = {isa = PBXFileReference; fileEncoding = 4; lastKnownFileType = sourcecode.c.objc; path = "UIView+Alert.m"; sourceTree = "<group>"; };
		CED801E217C8FAD8006FA79E /* MBAlertView.h */ = {isa = PBXFileReference; fileEncoding = 4; lastKnownFileType = sourcecode.c.h; path = MBAlertView.h; sourceTree = "<group>"; };
		CED801E317C8FAD8006FA79E /* MBAlertView.m */ = {isa = PBXFileReference; fileEncoding = 4; lastKnownFileType = sourcecode.c.objc; path = MBAlertView.m; sourceTree = "<group>"; };
		CED801E417C8FAD8006FA79E /* MBAlertViewButton.h */ = {isa = PBXFileReference; fileEncoding = 4; lastKnownFileType = sourcecode.c.h; path = MBAlertViewButton.h; sourceTree = "<group>"; };
		CED801E517C8FAD8006FA79E /* MBAlertViewButton.m */ = {isa = PBXFileReference; fileEncoding = 4; lastKnownFileType = sourcecode.c.objc; path = MBAlertViewButton.m; sourceTree = "<group>"; };
		CED801E617C8FAD8006FA79E /* MBAlertViewItem.h */ = {isa = PBXFileReference; fileEncoding = 4; lastKnownFileType = sourcecode.c.h; path = MBAlertViewItem.h; sourceTree = "<group>"; };
		CED801E717C8FAD8006FA79E /* MBAlertViewItem.m */ = {isa = PBXFileReference; fileEncoding = 4; lastKnownFileType = sourcecode.c.objc; path = MBAlertViewItem.m; sourceTree = "<group>"; };
		CED801EA17C8FAD8006FA79E /* AutoLayoutHelpers.h */ = {isa = PBXFileReference; fileEncoding = 4; lastKnownFileType = sourcecode.c.h; path = AutoLayoutHelpers.h; sourceTree = "<group>"; };
		CED801EB17C8FAD8006FA79E /* AutoLayoutHelpers.m */ = {isa = PBXFileReference; fileEncoding = 4; lastKnownFileType = sourcecode.c.objc; path = AutoLayoutHelpers.m; sourceTree = "<group>"; };
		CED801EC17C8FAD8006FA79E /* UIView+Autolayout.h */ = {isa = PBXFileReference; fileEncoding = 4; lastKnownFileType = sourcecode.c.h; path = "UIView+Autolayout.h"; sourceTree = "<group>"; };
		CED801ED17C8FAD8006FA79E /* UIView+Autolayout.m */ = {isa = PBXFileReference; fileEncoding = 4; lastKnownFileType = sourcecode.c.objc; path = "UIView+Autolayout.m"; sourceTree = "<group>"; };
		CED801EE17C8FAD8006FA79E /* MBFlatAlertAbstract.h */ = {isa = PBXFileReference; fileEncoding = 4; lastKnownFileType = sourcecode.c.h; path = MBFlatAlertAbstract.h; sourceTree = "<group>"; };
		CED801EF17C8FAD8006FA79E /* MBFlatAlertAbstract.m */ = {isa = PBXFileReference; fileEncoding = 4; lastKnownFileType = sourcecode.c.objc; path = MBFlatAlertAbstract.m; sourceTree = "<group>"; };
		CED801F017C8FAD8006FA79E /* MBFlatAlertButton.h */ = {isa = PBXFileReference; fileEncoding = 4; lastKnownFileType = sourcecode.c.h; path = MBFlatAlertButton.h; sourceTree = "<group>"; };
		CED801F117C8FAD8006FA79E /* MBFlatAlertButton.m */ = {isa = PBXFileReference; fileEncoding = 4; lastKnownFileType = sourcecode.c.objc; path = MBFlatAlertButton.m; sourceTree = "<group>"; };
		CED801F217C8FAD8006FA79E /* MBFlatAlertView.h */ = {isa = PBXFileReference; fileEncoding = 4; lastKnownFileType = sourcecode.c.h; path = MBFlatAlertView.h; sourceTree = "<group>"; };
		CED801F317C8FAD8006FA79E /* MBFlatAlertView.m */ = {isa = PBXFileReference; fileEncoding = 4; lastKnownFileType = sourcecode.c.objc; path = MBFlatAlertView.m; sourceTree = "<group>"; };
		CED801F517C8FAD8006FA79E /* MBCheckMarkView.h */ = {isa = PBXFileReference; fileEncoding = 4; lastKnownFileType = sourcecode.c.h; path = MBCheckMarkView.h; sourceTree = "<group>"; };
		CED801F617C8FAD8006FA79E /* MBCheckMarkView.m */ = {isa = PBXFileReference; fileEncoding = 4; lastKnownFileType = sourcecode.c.objc; path = MBCheckMarkView.m; sourceTree = "<group>"; };
		CED801F717C8FAD8006FA79E /* MBHUDView.h */ = {isa = PBXFileReference; fileEncoding = 4; lastKnownFileType = sourcecode.c.h; path = MBHUDView.h; sourceTree = "<group>"; };
		CED801F817C8FAD8006FA79E /* MBHUDView.m */ = {isa = PBXFileReference; fileEncoding = 4; lastKnownFileType = sourcecode.c.objc; path = MBHUDView.m; sourceTree = "<group>"; };
		CED801F917C8FAD8006FA79E /* MBSpinningCircle.h */ = {isa = PBXFileReference; fileEncoding = 4; lastKnownFileType = sourcecode.c.h; path = MBSpinningCircle.h; sourceTree = "<group>"; };
		CED801FA17C8FAD8006FA79E /* MBSpinningCircle.m */ = {isa = PBXFileReference; fileEncoding = 4; lastKnownFileType = sourcecode.c.objc; path = MBSpinningCircle.m; sourceTree = "<group>"; };
		CED801FB17C8FAD8006FA79E /* MBAlertAbstract.h */ = {isa = PBXFileReference; fileEncoding = 4; lastKnownFileType = sourcecode.c.h; path = MBAlertAbstract.h; sourceTree = "<group>"; };
		CED801FC17C8FAD8006FA79E /* MBAlertAbstract.m */ = {isa = PBXFileReference; fileEncoding = 4; lastKnownFileType = sourcecode.c.objc; path = MBAlertAbstract.m; sourceTree = "<group>"; };
		CED801FE17C8FAD8006FA79E /* MBAlertViewSubclass.h */ = {isa = PBXFileReference; fileEncoding = 4; lastKnownFileType = sourcecode.c.h; path = MBAlertViewSubclass.h; sourceTree = "<group>"; };
		CED8020E17C8FE70006FA79E /* QuartzCore.framework */ = {isa = PBXFileReference; lastKnownFileType = wrapper.framework; name = QuartzCore.framework; path = System/Library/Frameworks/QuartzCore.framework; sourceTree = SDKROOT; };
		CED8021017CAFD53006FA79E /* Constants.h */ = {isa = PBXFileReference; lastKnownFileType = sourcecode.c.h; path = Constants.h; sourceTree = "<group>"; };
		CED8021417CAFFD7006FA79E /* NotificationCell.h */ = {isa = PBXFileReference; fileEncoding = 4; lastKnownFileType = sourcecode.c.h; name = NotificationCell.h; path = view/notifications/NotificationCell.h; sourceTree = "<group>"; };
		CED8021517CAFFD7006FA79E /* NotificationCell.m */ = {isa = PBXFileReference; fileEncoding = 4; lastKnownFileType = sourcecode.c.objc; name = NotificationCell.m; path = view/notifications/NotificationCell.m; sourceTree = "<group>"; };
		CED8021717CB0006006FA79E /* NotificationCell_iPhone.xib */ = {isa = PBXFileReference; fileEncoding = 4; lastKnownFileType = file.xib; name = NotificationCell_iPhone.xib; path = view/notifications/NotificationCell_iPhone.xib; sourceTree = "<group>"; };
		CED8021917CB5D12006FA79E /* Util.h */ = {isa = PBXFileReference; fileEncoding = 4; lastKnownFileType = sourcecode.c.h; path = Util.h; sourceTree = "<group>"; };
		CED8021A17CB5D12006FA79E /* Util.m */ = {isa = PBXFileReference; fileEncoding = 4; lastKnownFileType = sourcecode.c.objc; path = Util.m; sourceTree = "<group>"; };
		CED8021F17CB9430006FA79E /* EGORefreshTableHeaderView.h */ = {isa = PBXFileReference; fileEncoding = 4; lastKnownFileType = sourcecode.c.h; path = EGORefreshTableHeaderView.h; sourceTree = "<group>"; };
		CED8022017CB9430006FA79E /* EGORefreshTableHeaderView.m */ = {isa = PBXFileReference; fileEncoding = 4; lastKnownFileType = sourcecode.c.objc; path = EGORefreshTableHeaderView.m; sourceTree = "<group>"; };
		CED8022217CB9430006FA79E /* blackArrow.png */ = {isa = PBXFileReference; lastKnownFileType = image.png; path = blackArrow.png; sourceTree = "<group>"; };
		CED8022317CB9430006FA79E /* blackArrow@2x.png */ = {isa = PBXFileReference; lastKnownFileType = image.png; path = "blackArrow@2x.png"; sourceTree = "<group>"; };
		CED8022417CB9430006FA79E /* blueArrow.png */ = {isa = PBXFileReference; lastKnownFileType = image.png; path = blueArrow.png; sourceTree = "<group>"; };
		CED8022517CB9430006FA79E /* blueArrow@2x.png */ = {isa = PBXFileReference; lastKnownFileType = image.png; path = "blueArrow@2x.png"; sourceTree = "<group>"; };
		CED8022617CB9430006FA79E /* grayArrow.png */ = {isa = PBXFileReference; lastKnownFileType = image.png; path = grayArrow.png; sourceTree = "<group>"; };
		CED8022717CB9430006FA79E /* grayArrow@2x.png */ = {isa = PBXFileReference; lastKnownFileType = image.png; path = "grayArrow@2x.png"; sourceTree = "<group>"; };
		CED8022817CB9430006FA79E /* whiteArrow.png */ = {isa = PBXFileReference; lastKnownFileType = image.png; path = whiteArrow.png; sourceTree = "<group>"; };
		CED8022917CB9430006FA79E /* whiteArrow@2x.png */ = {isa = PBXFileReference; lastKnownFileType = image.png; path = "whiteArrow@2x.png"; sourceTree = "<group>"; };
		CED8023417CB95F0006FA79E /* MBProgressHUD.h */ = {isa = PBXFileReference; fileEncoding = 4; lastKnownFileType = sourcecode.c.h; path = MBProgressHUD.h; sourceTree = "<group>"; };
		CED8023517CB95F0006FA79E /* MBProgressHUD.m */ = {isa = PBXFileReference; fileEncoding = 4; lastKnownFileType = sourcecode.c.objc; path = MBProgressHUD.m; sourceTree = "<group>"; };
/* End PBXFileReference section */

/* Begin PBXFrameworksBuildPhase section */
		CEC59FF617BDC46E001CF970 /* Frameworks */ = {
			isa = PBXFrameworksBuildPhase;
			buildActionMask = 2147483647;
			files = (
				CED8020F17C8FE70006FA79E /* QuartzCore.framework in Frameworks */,
				CEC5A00117BDC46E001CF970 /* CoreGraphics.framework in Frameworks */,
				CED801AF17C8F31B006FA79E /* MobileCoreServices.framework in Frameworks */,
				CED801AD17C8F30C006FA79E /* SystemConfiguration.framework in Frameworks */,
				CED801AB17C8F2F9006FA79E /* CFNetwork.framework in Frameworks */,
				CED8019617C76734006FA79E /* libz.dylib in Frameworks */,
				CEC59FFD17BDC46E001CF970 /* UIKit.framework in Frameworks */,
				CEC59FFF17BDC46E001CF970 /* Foundation.framework in Frameworks */,
				CED8019217C76648006FA79E /* libTestFlight.a in Frameworks */,
			);
			runOnlyForDeploymentPostprocessing = 0;
		};
/* End PBXFrameworksBuildPhase section */

/* Begin PBXGroup section */
		CE7ACCE317C5F05800A12DC4 /* Notifications */ = {
			isa = PBXGroup;
			children = (
				CEC5A01417BDC46E001CF970 /* NotificationsViewController.h */,
				CEC5A01517BDC46E001CF970 /* NotificationsViewController.m */,
				CEC5A02217BDC46E001CF970 /* NotificationsViewController_iPhone.xib */,
				CED8021417CAFFD7006FA79E /* NotificationCell.h */,
				CED8021517CAFFD7006FA79E /* NotificationCell.m */,
				CED8021717CB0006006FA79E /* NotificationCell_iPhone.xib */,
			);
			name = Notifications;
			sourceTree = "<group>";
		};
		CE7ACCE417C5F06A00A12DC4 /* Resources */ = {
			isa = PBXGroup;
			children = (
				CEC5A01717BDC46E001CF970 /* first.png */,
				CEC5A01917BDC46E001CF970 /* first@2x.png */,
				CEC5A01E17BDC46E001CF970 /* second.png */,
				CEC5A02017BDC46E001CF970 /* second@2x.png */,
			);
			name = Resources;
			sourceTree = "<group>";
		};
		CE7ACCE517C5F2BF00A12DC4 /* View */ = {
			isa = PBXGroup;
			children = (
				CE7ACCEF17C5F62200A12DC4 /* Login */,
				CE7ACCE917C5F47200A12DC4 /* Me */,
				CE7ACCE717C5F30800A12DC4 /* Contacts */,
				CE7ACCE317C5F05800A12DC4 /* Notifications */,
			);
			name = View;
			sourceTree = "<group>";
		};
		CE7ACCE617C5F2CB00A12DC4 /* Model */ = {
			isa = PBXGroup;
			children = (
				CED8019717C88C1A006FA79E /* Domain.h */,
				CED8019817C88C1A006FA79E /* Domain.m */,
				CED8019A17C88C31006FA79E /* Notification.h */,
				CED8019B17C88C31006FA79E /* Notification.m */,
				CED8019E17C8969B006FA79E /* NotificationAddition.h */,
				CED8019F17C8969B006FA79E /* NotificationAddition.m */,
				CED801A117C8AB61006FA79E /* NotificationService.h */,
				CED801A217C8AB61006FA79E /* NotificationService.m */,
				CED801A417C8ECE2006FA79E /* User.h */,
				CED801A517C8ECE2006FA79E /* User.m */,
				CED801A717C8F012006FA79E /* UserService.h */,
				CED801A817C8F012006FA79E /* UserService.m */,
				CED8021917CB5D12006FA79E /* Util.h */,
				CED8021A17CB5D12006FA79E /* Util.m */,
			);
			name = Model;
			sourceTree = "<group>";
		};
		CE7ACCE717C5F30800A12DC4 /* Contacts */ = {
			isa = PBXGroup;
			children = (
				CEC5A01B17BDC46E001CF970 /* ContactsViewController.h */,
				CEC5A01C17BDC46E001CF970 /* ContactsViewController.m */,
				CEC5A02817BDC46F001CF970 /* ContactsViewController_iPhone.xib */,
			);
			name = Contacts;
			sourceTree = "<group>";
		};
		CE7ACCE917C5F47200A12DC4 /* Me */ = {
			isa = PBXGroup;
			children = (
				CE7ACCEA17C5F4A500A12DC4 /* MeViewController.h */,
				CE7ACCEB17C5F4A500A12DC4 /* MeViewController.m */,
				CE7ACCEC17C5F4A500A12DC4 /* MeViewController_iPhone.xib */,
			);
			name = Me;
			sourceTree = "<group>";
		};
		CE7ACCEF17C5F62200A12DC4 /* Login */ = {
			isa = PBXGroup;
			children = (
				CE7ACCF017C5F63400A12DC4 /* LoginViewController.h */,
				CE7ACCF117C5F63400A12DC4 /* LoginViewController.m */,
				CE7ACCF217C5F63400A12DC4 /* LoginViewController_iPhone.xib */,
			);
			name = Login;
			sourceTree = "<group>";
		};
		CEC59FF017BDC46E001CF970 = {
			isa = PBXGroup;
			children = (
				CED8018A17C76648006FA79E /* Components */,
				CEC5A00217BDC46E001CF970 /* SchoolNotify */,
				CEC59FFB17BDC46E001CF970 /* Frameworks */,
				CEC59FFA17BDC46E001CF970 /* Products */,
			);
			sourceTree = "<group>";
		};
		CEC59FFA17BDC46E001CF970 /* Products */ = {
			isa = PBXGroup;
			children = (
				CEC59FF917BDC46E001CF970 /* SchoolNotify.app */,
			);
			name = Products;
			sourceTree = "<group>";
		};
		CEC59FFB17BDC46E001CF970 /* Frameworks */ = {
			isa = PBXGroup;
			children = (
				CED8020E17C8FE70006FA79E /* QuartzCore.framework */,
				CED801AE17C8F31B006FA79E /* MobileCoreServices.framework */,
				CED801AC17C8F30C006FA79E /* SystemConfiguration.framework */,
				CED801AA17C8F2F9006FA79E /* CFNetwork.framework */,
				CED8019517C76734006FA79E /* libz.dylib */,
				CEC59FFC17BDC46E001CF970 /* UIKit.framework */,
				CEC59FFE17BDC46E001CF970 /* Foundation.framework */,
				CEC5A00017BDC46E001CF970 /* CoreGraphics.framework */,
			);
			name = Frameworks;
			sourceTree = "<group>";
		};
		CEC5A00217BDC46E001CF970 /* SchoolNotify */ = {
			isa = PBXGroup;
			children = (
				CE7ACCE617C5F2CB00A12DC4 /* Model */,
				CE7ACCE517C5F2BF00A12DC4 /* View */,
				CE7ACCE417C5F06A00A12DC4 /* Resources */,
				CEC5A00B17BDC46E001CF970 /* AppDelegate.h */,
				CEC5A00C17BDC46E001CF970 /* AppDelegate.m */,
				CEC5A00317BDC46E001CF970 /* Supporting Files */,
			);
			path = SchoolNotify;
			sourceTree = "<group>";
		};
		CEC5A00317BDC46E001CF970 /* Supporting Files */ = {
			isa = PBXGroup;
			children = (
				CEC5A00417BDC46E001CF970 /* SchoolNotify-Info.plist */,
				CEC5A00517BDC46E001CF970 /* InfoPlist.strings */,
				CEC5A00817BDC46E001CF970 /* main.m */,
				CEC5A00A17BDC46E001CF970 /* SchoolNotify-Prefix.pch */,
				CEC5A00E17BDC46E001CF970 /* Default.png */,
				CEC5A01017BDC46E001CF970 /* Default@2x.png */,
				CEC5A01217BDC46E001CF970 /* Default-568h@2x.png */,
				CED8019D17C88DB2006FA79E /* API_Interface.h */,
				CED8021017CAFD53006FA79E /* Constants.h */,
			);
			name = "Supporting Files";
			sourceTree = "<group>";
		};
		CED8018A17C76648006FA79E /* Components */ = {
			isa = PBXGroup;
			children = (
				CED8023317CB95F0006FA79E /* MBProgressHUD */,
				CED8021C17CB942F006FA79E /* EGOTableViewPullRefresh */,
				CED801D917C8FAD8006FA79E /* MBAlertView */,
				CED801D517C8F6F1006FA79E /* Categories */,
				CED801B417C8F399006FA79E /* ASIHTTPRequest */,
				CED801B017C8F346006FA79E /* Reachability */,
				CED8018B17C76648006FA79E /* TestFlightSDK2 */,
			);
			name = Components;
			path = SchoolNotify/components;
			sourceTree = "<group>";
		};
		CED8018B17C76648006FA79E /* TestFlightSDK2 */ = {
			isa = PBXGroup;
			children = (
				CED8018C17C76648006FA79E /* libTestFlight.a */,
				CED8018D17C76648006FA79E /* README.md */,
				CED8018E17C76648006FA79E /* release_notes.md */,
				CED8018F17C76648006FA79E /* TestFlight+AsyncLogging.h */,
				CED8019017C76648006FA79E /* TestFlight+ManualSessions.h */,
				CED8019117C76648006FA79E /* TestFlight.h */,
			);
			path = TestFlightSDK2;
			sourceTree = "<group>";
		};
		CED801B017C8F346006FA79E /* Reachability */ = {
			isa = PBXGroup;
			children = (
				CED801B117C8F346006FA79E /* Reachability.h */,
				CED801B217C8F346006FA79E /* Reachability.m */,
			);
			path = Reachability;
			sourceTree = "<group>";
		};
		CED801B417C8F399006FA79E /* ASIHTTPRequest */ = {
			isa = PBXGroup;
			children = (
				CED801B517C8F399006FA79E /* ASIAuthenticationDialog.h */,
				CED801B617C8F399006FA79E /* ASIAuthenticationDialog.m */,
				CED801B717C8F399006FA79E /* ASICacheDelegate.h */,
				CED801B817C8F399006FA79E /* ASIDataCompressor.h */,
				CED801B917C8F399006FA79E /* ASIDataCompressor.m */,
				CED801BA17C8F399006FA79E /* ASIDataDecompressor.h */,
				CED801BB17C8F399006FA79E /* ASIDataDecompressor.m */,
				CED801BC17C8F399006FA79E /* ASIDownloadCache.h */,
				CED801BD17C8F399006FA79E /* ASIDownloadCache.m */,
				CED801BE17C8F399006FA79E /* ASIFormDataRequest.h */,
				CED801BF17C8F399006FA79E /* ASIFormDataRequest.m */,
				CED801C017C8F399006FA79E /* ASIHTTPRequest.h */,
				CED801C117C8F399006FA79E /* ASIHTTPRequest.m */,
				CED801C217C8F399006FA79E /* ASIHTTPRequestConfig.h */,
				CED801C317C8F399006FA79E /* ASIHTTPRequestDelegate.h */,
				CED801C417C8F399006FA79E /* ASIInputStream.h */,
				CED801C517C8F399006FA79E /* ASIInputStream.m */,
				CED801C617C8F399006FA79E /* ASINetworkQueue.h */,
				CED801C717C8F399006FA79E /* ASINetworkQueue.m */,
				CED801C817C8F399006FA79E /* ASIProgressDelegate.h */,
			);
			path = ASIHTTPRequest;
			sourceTree = "<group>";
		};
		CED801D517C8F6F1006FA79E /* Categories */ = {
			isa = PBXGroup;
			children = (
				CED801D617C8F6F1006FA79E /* NSString+JsonMethods.h */,
				CED801D717C8F6F1006FA79E /* NSString+JsonMethods.m */,
			);
			path = Categories;
			sourceTree = "<group>";
		};
		CED801D917C8FAD8006FA79E /* MBAlertView */ = {
			isa = PBXGroup;
			children = (
				CED801DA17C8FAD8006FA79E /* Categories */,
				CED801E117C8FAD8006FA79E /* Classic */,
				CED801E817C8FAD8006FA79E /* Flat */,
				CED801F417C8FAD8006FA79E /* HUD */,
				CED801FB17C8FAD8006FA79E /* MBAlertAbstract.h */,
				CED801FC17C8FAD8006FA79E /* MBAlertAbstract.m */,
				CED801FD17C8FAD8006FA79E /* Protected */,
			);
			path = MBAlertView;
			sourceTree = "<group>";
		};
		CED801DA17C8FAD8006FA79E /* Categories */ = {
			isa = PBXGroup;
			children = (
				CED801DB17C8FAD8006FA79E /* NSString+Trim.h */,
				CED801DC17C8FAD8006FA79E /* NSString+Trim.m */,
				CED801DD17C8FAD8006FA79E /* UIFont+Alert.h */,
				CED801DE17C8FAD8006FA79E /* UIFont+Alert.m */,
				CED801DF17C8FAD8006FA79E /* UIView+Alert.h */,
				CED801E017C8FAD8006FA79E /* UIView+Alert.m */,
			);
			path = Categories;
			sourceTree = "<group>";
		};
		CED801E117C8FAD8006FA79E /* Classic */ = {
			isa = PBXGroup;
			children = (
				CED801E217C8FAD8006FA79E /* MBAlertView.h */,
				CED801E317C8FAD8006FA79E /* MBAlertView.m */,
				CED801E417C8FAD8006FA79E /* MBAlertViewButton.h */,
				CED801E517C8FAD8006FA79E /* MBAlertViewButton.m */,
				CED801E617C8FAD8006FA79E /* MBAlertViewItem.h */,
				CED801E717C8FAD8006FA79E /* MBAlertViewItem.m */,
			);
			path = Classic;
			sourceTree = "<group>";
		};
		CED801E817C8FAD8006FA79E /* Flat */ = {
			isa = PBXGroup;
			children = (
				CED801E917C8FAD8006FA79E /* AutolayoutHelpers */,
				CED801EE17C8FAD8006FA79E /* MBFlatAlertAbstract.h */,
				CED801EF17C8FAD8006FA79E /* MBFlatAlertAbstract.m */,
				CED801F017C8FAD8006FA79E /* MBFlatAlertButton.h */,
				CED801F117C8FAD8006FA79E /* MBFlatAlertButton.m */,
				CED801F217C8FAD8006FA79E /* MBFlatAlertView.h */,
				CED801F317C8FAD8006FA79E /* MBFlatAlertView.m */,
			);
			path = Flat;
			sourceTree = "<group>";
		};
		CED801E917C8FAD8006FA79E /* AutolayoutHelpers */ = {
			isa = PBXGroup;
			children = (
				CED801EA17C8FAD8006FA79E /* AutoLayoutHelpers.h */,
				CED801EB17C8FAD8006FA79E /* AutoLayoutHelpers.m */,
				CED801EC17C8FAD8006FA79E /* UIView+Autolayout.h */,
				CED801ED17C8FAD8006FA79E /* UIView+Autolayout.m */,
			);
			path = AutolayoutHelpers;
			sourceTree = "<group>";
		};
		CED801F417C8FAD8006FA79E /* HUD */ = {
			isa = PBXGroup;
			children = (
				CED801F517C8FAD8006FA79E /* MBCheckMarkView.h */,
				CED801F617C8FAD8006FA79E /* MBCheckMarkView.m */,
				CED801F717C8FAD8006FA79E /* MBHUDView.h */,
				CED801F817C8FAD8006FA79E /* MBHUDView.m */,
				CED801F917C8FAD8006FA79E /* MBSpinningCircle.h */,
				CED801FA17C8FAD8006FA79E /* MBSpinningCircle.m */,
			);
			path = HUD;
			sourceTree = "<group>";
		};
		CED801FD17C8FAD8006FA79E /* Protected */ = {
			isa = PBXGroup;
			children = (
				CED801FE17C8FAD8006FA79E /* MBAlertViewSubclass.h */,
			);
			path = Protected;
			sourceTree = "<group>";
		};
		CED8021C17CB942F006FA79E /* EGOTableViewPullRefresh */ = {
			isa = PBXGroup;
			children = (
				CED8021D17CB9430006FA79E /* Classes */,
				CED8022117CB9430006FA79E /* Resources */,
			);
			path = EGOTableViewPullRefresh;
			sourceTree = "<group>";
		};
		CED8021D17CB9430006FA79E /* Classes */ = {
			isa = PBXGroup;
			children = (
				CED8021E17CB9430006FA79E /* View */,
			);
			path = Classes;
			sourceTree = "<group>";
		};
		CED8021E17CB9430006FA79E /* View */ = {
			isa = PBXGroup;
			children = (
				CED8021F17CB9430006FA79E /* EGORefreshTableHeaderView.h */,
				CED8022017CB9430006FA79E /* EGORefreshTableHeaderView.m */,
			);
			path = View;
			sourceTree = "<group>";
		};
		CED8022117CB9430006FA79E /* Resources */ = {
			isa = PBXGroup;
			children = (
				CED8022217CB9430006FA79E /* blackArrow.png */,
				CED8022317CB9430006FA79E /* blackArrow@2x.png */,
				CED8022417CB9430006FA79E /* blueArrow.png */,
				CED8022517CB9430006FA79E /* blueArrow@2x.png */,
				CED8022617CB9430006FA79E /* grayArrow.png */,
				CED8022717CB9430006FA79E /* grayArrow@2x.png */,
				CED8022817CB9430006FA79E /* whiteArrow.png */,
				CED8022917CB9430006FA79E /* whiteArrow@2x.png */,
			);
			path = Resources;
			sourceTree = "<group>";
		};
		CED8023317CB95F0006FA79E /* MBProgressHUD */ = {
			isa = PBXGroup;
			children = (
				CED8023417CB95F0006FA79E /* MBProgressHUD.h */,
				CED8023517CB95F0006FA79E /* MBProgressHUD.m */,
			);
			path = MBProgressHUD;
			sourceTree = "<group>";
		};
/* End PBXGroup section */

/* Begin PBXNativeTarget section */
		CEC59FF817BDC46E001CF970 /* SchoolNotify */ = {
			isa = PBXNativeTarget;
			buildConfigurationList = CEC5A03017BDC46F001CF970 /* Build configuration list for PBXNativeTarget "SchoolNotify" */;
			buildPhases = (
				CEC59FF517BDC46E001CF970 /* Sources */,
				CEC59FF617BDC46E001CF970 /* Frameworks */,
				CEC59FF717BDC46E001CF970 /* Resources */,
			);
			buildRules = (
			);
			dependencies = (
			);
			name = SchoolNotify;
			productName = SchoolNotify;
			productReference = CEC59FF917BDC46E001CF970 /* SchoolNotify.app */;
			productType = "com.apple.product-type.application";
		};
/* End PBXNativeTarget section */

/* Begin PBXProject section */
		CEC59FF117BDC46E001CF970 /* Project object */ = {
			isa = PBXProject;
			attributes = {
				LastUpgradeCheck = 0460;
				ORGANIZATIONNAME = Salmonapps.com;
			};
			buildConfigurationList = CEC59FF417BDC46E001CF970 /* Build configuration list for PBXProject "SchoolNotify" */;
			compatibilityVersion = "Xcode 3.2";
			developmentRegion = English;
			hasScannedForEncodings = 0;
			knownRegions = (
				en,
			);
			mainGroup = CEC59FF017BDC46E001CF970;
			productRefGroup = CEC59FFA17BDC46E001CF970 /* Products */;
			projectDirPath = "";
			projectRoot = "";
			targets = (
				CEC59FF817BDC46E001CF970 /* SchoolNotify */,
			);
		};
/* End PBXProject section */

/* Begin PBXResourcesBuildPhase section */
		CEC59FF717BDC46E001CF970 /* Resources */ = {
			isa = PBXResourcesBuildPhase;
			buildActionMask = 2147483647;
			files = (
				CEC5A00717BDC46E001CF970 /* InfoPlist.strings in Resources */,
				CEC5A00F17BDC46E001CF970 /* Default.png in Resources */,
				CEC5A01117BDC46E001CF970 /* Default@2x.png in Resources */,
				CEC5A01317BDC46E001CF970 /* Default-568h@2x.png in Resources */,
				CEC5A01817BDC46E001CF970 /* first.png in Resources */,
				CEC5A01A17BDC46E001CF970 /* first@2x.png in Resources */,
				CEC5A01F17BDC46E001CF970 /* second.png in Resources */,
				CEC5A02117BDC46E001CF970 /* second@2x.png in Resources */,
				CEC5A02417BDC46E001CF970 /* NotificationsViewController_iPhone.xib in Resources */,
				CEC5A02A17BDC46F001CF970 /* ContactsViewController_iPhone.xib in Resources */,
				CE7ACCEE17C5F4A500A12DC4 /* MeViewController_iPhone.xib in Resources */,
				CE7ACCF417C5F63400A12DC4 /* LoginViewController_iPhone.xib in Resources */,
				CED8019317C76648006FA79E /* README.md in Resources */,
				CED8019417C76648006FA79E /* release_notes.md in Resources */,
				CED8021817CB0007006FA79E /* NotificationCell_iPhone.xib in Resources */,
				CED8022B17CB9430006FA79E /* blackArrow.png in Resources */,
				CED8022C17CB9430006FA79E /* blackArrow@2x.png in Resources */,
				CED8022D17CB9430006FA79E /* blueArrow.png in Resources */,
				CED8022E17CB9430006FA79E /* blueArrow@2x.png in Resources */,
				CED8022F17CB9430006FA79E /* grayArrow.png in Resources */,
				CED8023017CB9430006FA79E /* grayArrow@2x.png in Resources */,
				CED8023117CB9430006FA79E /* whiteArrow.png in Resources */,
				CED8023217CB9430006FA79E /* whiteArrow@2x.png in Resources */,
			);
			runOnlyForDeploymentPostprocessing = 0;
		};
/* End PBXResourcesBuildPhase section */

/* Begin PBXSourcesBuildPhase section */
		CEC59FF517BDC46E001CF970 /* Sources */ = {
			isa = PBXSourcesBuildPhase;
			buildActionMask = 2147483647;
			files = (
				CEC5A00917BDC46E001CF970 /* main.m in Sources */,
				CEC5A00D17BDC46E001CF970 /* AppDelegate.m in Sources */,
				CEC5A01617BDC46E001CF970 /* NotificationsViewController.m in Sources */,
				CEC5A01D17BDC46E001CF970 /* ContactsViewController.m in Sources */,
				CE7ACCED17C5F4A500A12DC4 /* MeViewController.m in Sources */,
				CE7ACCF317C5F63400A12DC4 /* LoginViewController.m in Sources */,
				CED8019917C88C1A006FA79E /* Domain.m in Sources */,
				CED8019C17C88C31006FA79E /* Notification.m in Sources */,
				CED801A017C8969B006FA79E /* NotificationAddition.m in Sources */,
				CED801A317C8AB61006FA79E /* NotificationService.m in Sources */,
				CED801A617C8ECE3006FA79E /* User.m in Sources */,
				CED801A917C8F012006FA79E /* UserService.m in Sources */,
				CED801B317C8F346006FA79E /* Reachability.m in Sources */,
				CED801CC17C8F399006FA79E /* ASIAuthenticationDialog.m in Sources */,
				CED801CE17C8F399006FA79E /* ASIDataDecompressor.m in Sources */,
				CED801CF17C8F399006FA79E /* ASIDownloadCache.m in Sources */,
				CED801D017C8F399006FA79E /* ASIFormDataRequest.m in Sources */,
				CED801D117C8F399006FA79E /* ASIHTTPRequest.m in Sources */,
				CED801D217C8F399006FA79E /* ASIInputStream.m in Sources */,
				CED801D317C8F399006FA79E /* ASINetworkQueue.m in Sources */,
				CED801CD17C8F399006FA79E /* ASIDataCompressor.m in Sources */,
				CED801D817C8F6F1006FA79E /* NSString+JsonMethods.m in Sources */,
				CED801FF17C8FAD8006FA79E /* NSString+Trim.m in Sources */,
				CED8020017C8FAD8006FA79E /* UIFont+Alert.m in Sources */,
				CED8020117C8FAD8006FA79E /* UIView+Alert.m in Sources */,
				CED8020217C8FAD8006FA79E /* MBAlertView.m in Sources */,
				CED8020317C8FAD8006FA79E /* MBAlertViewButton.m in Sources */,
				CED8020417C8FAD8006FA79E /* MBAlertViewItem.m in Sources */,
				CED8020517C8FAD8006FA79E /* AutoLayoutHelpers.m in Sources */,
				CED8020617C8FAD8006FA79E /* UIView+Autolayout.m in Sources */,
				CED8020717C8FAD8006FA79E /* MBFlatAlertAbstract.m in Sources */,
				CED8020817C8FAD8006FA79E /* MBFlatAlertButton.m in Sources */,
				CED8020917C8FAD8006FA79E /* MBFlatAlertView.m in Sources */,
				CED8020A17C8FAD8006FA79E /* MBCheckMarkView.m in Sources */,
				CED8020B17C8FAD8006FA79E /* MBHUDView.m in Sources */,
				CED8020C17C8FAD8006FA79E /* MBSpinningCircle.m in Sources */,
				CED8020D17C8FAD8006FA79E /* MBAlertAbstract.m in Sources */,
				CED8021617CAFFD7006FA79E /* NotificationCell.m in Sources */,
				CED8021B17CB5D14006FA79E /* Util.m in Sources */,
				CED8022A17CB9430006FA79E /* EGORefreshTableHeaderView.m in Sources */,
				CED8023617CB95F0006FA79E /* MBProgressHUD.m in Sources */,
			);
			runOnlyForDeploymentPostprocessing = 0;
		};
/* End PBXSourcesBuildPhase section */

/* Begin PBXVariantGroup section */
		CEC5A00517BDC46E001CF970 /* InfoPlist.strings */ = {
			isa = PBXVariantGroup;
			children = (
				CEC5A00617BDC46E001CF970 /* en */,
			);
			name = InfoPlist.strings;
			sourceTree = "<group>";
		};
		CEC5A02217BDC46E001CF970 /* NotificationsViewController_iPhone.xib */ = {
			isa = PBXVariantGroup;
			children = (
				CEC5A02317BDC46E001CF970 /* en */,
			);
			name = NotificationsViewController_iPhone.xib;
			sourceTree = "<group>";
		};
		CEC5A02817BDC46F001CF970 /* ContactsViewController_iPhone.xib */ = {
			isa = PBXVariantGroup;
			children = (
				CEC5A02917BDC46F001CF970 /* en */,
			);
			name = ContactsViewController_iPhone.xib;
			sourceTree = "<group>";
		};
/* End PBXVariantGroup section */

/* Begin XCBuildConfiguration section */
		CEC5A02E17BDC46F001CF970 /* Debug */ = {
			isa = XCBuildConfiguration;
			buildSettings = {
				ALWAYS_SEARCH_USER_PATHS = NO;
				CLANG_CXX_LANGUAGE_STANDARD = "gnu++0x";
				CLANG_CXX_LIBRARY = "libc++";
				CLANG_ENABLE_OBJC_ARC = YES;
				CLANG_WARN_CONSTANT_CONVERSION = YES;
				CLANG_WARN_EMPTY_BODY = YES;
				CLANG_WARN_ENUM_CONVERSION = YES;
				CLANG_WARN_INT_CONVERSION = YES;
				CLANG_WARN__DUPLICATE_METHOD_MATCH = YES;
				"CODE_SIGN_IDENTITY[sdk=iphoneos*]" = "iPhone Developer";
				COPY_PHASE_STRIP = NO;
				GCC_C_LANGUAGE_STANDARD = gnu99;
				GCC_DYNAMIC_NO_PIC = NO;
				GCC_OPTIMIZATION_LEVEL = 0;
				GCC_PREPROCESSOR_DEFINITIONS = (
					"DEBUG=1",
					"$(inherited)",
				);
				GCC_SYMBOLS_PRIVATE_EXTERN = NO;
				GCC_WARN_ABOUT_RETURN_TYPE = YES;
				GCC_WARN_UNINITIALIZED_AUTOS = YES;
				GCC_WARN_UNUSED_VARIABLE = YES;
				IPHONEOS_DEPLOYMENT_TARGET = 5.0;
				ONLY_ACTIVE_ARCH = YES;
				SDKROOT = iphoneos;
				TARGETED_DEVICE_FAMILY = "1,2";
			};
			name = Debug;
		};
		CEC5A02F17BDC46F001CF970 /* Release */ = {
			isa = XCBuildConfiguration;
			buildSettings = {
				ALWAYS_SEARCH_USER_PATHS = NO;
				CLANG_CXX_LANGUAGE_STANDARD = "gnu++0x";
				CLANG_CXX_LIBRARY = "libc++";
				CLANG_ENABLE_OBJC_ARC = YES;
				CLANG_WARN_CONSTANT_CONVERSION = YES;
				CLANG_WARN_EMPTY_BODY = YES;
				CLANG_WARN_ENUM_CONVERSION = YES;
				CLANG_WARN_INT_CONVERSION = YES;
				CLANG_WARN__DUPLICATE_METHOD_MATCH = YES;
				"CODE_SIGN_IDENTITY[sdk=iphoneos*]" = "iPhone Developer";
				COPY_PHASE_STRIP = YES;
				GCC_C_LANGUAGE_STANDARD = gnu99;
				GCC_WARN_ABOUT_RETURN_TYPE = YES;
				GCC_WARN_UNINITIALIZED_AUTOS = YES;
				GCC_WARN_UNUSED_VARIABLE = YES;
				IPHONEOS_DEPLOYMENT_TARGET = 5.0;
				OTHER_CFLAGS = "-DNS_BLOCK_ASSERTIONS=1";
				SDKROOT = iphoneos;
				TARGETED_DEVICE_FAMILY = "1,2";
				VALIDATE_PRODUCT = YES;
			};
			name = Release;
		};
		CEC5A03117BDC46F001CF970 /* Debug */ = {
			isa = XCBuildConfiguration;
			buildSettings = {
				GCC_PRECOMPILE_PREFIX_HEADER = YES;
				GCC_PREFIX_HEADER = "SchoolNotify/SchoolNotify-Prefix.pch";
				INFOPLIST_FILE = "SchoolNotify/SchoolNotify-Info.plist";
				IPHONEOS_DEPLOYMENT_TARGET = 5.0;
				LIBRARY_SEARCH_PATHS = (
					"$(inherited)",
					"\"$(SRCROOT)/SchoolNotify/components/TestFlightSDK2\"",
				);
				PRODUCT_NAME = "$(TARGET_NAME)";
				TARGETED_DEVICE_FAMILY = 1;
				WRAPPER_EXTENSION = app;
			};
			name = Debug;
		};
		CEC5A03217BDC46F001CF970 /* Release */ = {
			isa = XCBuildConfiguration;
			buildSettings = {
				GCC_PRECOMPILE_PREFIX_HEADER = YES;
				GCC_PREFIX_HEADER = "SchoolNotify/SchoolNotify-Prefix.pch";
				INFOPLIST_FILE = "SchoolNotify/SchoolNotify-Info.plist";
				IPHONEOS_DEPLOYMENT_TARGET = 5.0;
				LIBRARY_SEARCH_PATHS = (
					"$(inherited)",
					"\"$(SRCROOT)/SchoolNotify/components/TestFlightSDK2\"",
				);
				PRODUCT_NAME = "$(TARGET_NAME)";
				TARGETED_DEVICE_FAMILY = 1;
				WRAPPER_EXTENSION = app;
			};
			name = Release;
		};
/* End XCBuildConfiguration section */

/* Begin XCConfigurationList section */
		CEC59FF417BDC46E001CF970 /* Build configuration list for PBXProject "SchoolNotify" */ = {
			isa = XCConfigurationList;
			buildConfigurations = (
				CEC5A02E17BDC46F001CF970 /* Debug */,
				CEC5A02F17BDC46F001CF970 /* Release */,
			);
			defaultConfigurationIsVisible = 0;
			defaultConfigurationName = Release;
		};
		CEC5A03017BDC46F001CF970 /* Build configuration list for PBXNativeTarget "SchoolNotify" */ = {
			isa = XCConfigurationList;
			buildConfigurations = (
				CEC5A03117BDC46F001CF970 /* Debug */,
				CEC5A03217BDC46F001CF970 /* Release */,
			);
			defaultConfigurationIsVisible = 0;
			defaultConfigurationName = Release;
		};
/* End XCConfigurationList section */
	};
	rootObject = CEC59FF117BDC46E001CF970 /* Project object */;
}
